
Microsoft Visual Studio Solution File, Format Version 12.00
Project("{2150E333-8FDC-42A3-9474-1A3956D46DE8}") = "src", "src", "{C0074B6C-4BB5-4802-95AB-36F8A6A5618E}"
EndProject
Project("{2150E333-8FDC-42A3-9474-1A3956D46DE8}") = "Shared", "Shared", "{6D382B0D-AB4F-4E12-839E-9225323E7F65}"
EndProject
Project("{FAE04EC0-301F-11D3-BF4B-00C04F79EFBC}") = "PackIt.API", "PackIt.API\PackIt.API.csproj", "{415D30D8-2A7E-4D04-8899-63025840FBCB}"
EndProject
Project("{FAE04EC0-301F-11D3-BF4B-00C04F79EFBC}") = "PackIt.Application", "PackIt.Application\PackIt.Application.csproj", "{4E89DD03-9C92-4DED-8AB7-4860EA91D6C5}"
EndProject
Project("{FAE04EC0-301F-11D3-BF4B-00C04F79EFBC}") = "PackIt.Domain", "PackIt.Domain\PackIt.Domain.csproj", "{13C5A4ED-E3E3-46D4-941B-6553F21D9C05}"
EndProject
Project("{FAE04EC0-301F-11D3-BF4B-00C04F79EFBC}") = "PackIt.Infrastructure", "PackIt.Infrastructure\PackIt.Infrastructure.csproj", "{422BE7B6-BEB4-4CF1-A1C6-BB749F32EFA3}"
EndProject
Project("{FAE04EC0-301F-11D3-BF4B-00C04F79EFBC}") = "PackIt.Shared", "PackIt.Shared\PackIt.Shared.csproj", "{3D135F88-2178-4B38-ACAE-F6282A6E0C55}"
EndProject
Project("{FAE04EC0-301F-11D3-BF4B-00C04F79EFBC}") = "PackIt.Shared.Abstractions", "PackIt.Shared.Abstractions\PackIt.Shared.Abstractions.csproj", "{9F119F86-E69A-439F-A9F2-D1F096AF122F}"
EndProject
Global
	GlobalSection(SolutionConfigurationPlatforms) = preSolution
		Debug|Any CPU = Debug|Any CPU
		Release|Any CPU = Release|Any CPU
	EndGlobalSection
	GlobalSection(NestedProjects) = preSolution
		{6D382B0D-AB4F-4E12-839E-9225323E7F65} = {C0074B6C-4BB5-4802-95AB-36F8A6A5618E}
		{415D30D8-2A7E-4D04-8899-63025840FBCB} = {C0074B6C-4BB5-4802-95AB-36F8A6A5618E}
		{4E89DD03-9C92-4DED-8AB7-4860EA91D6C5} = {C0074B6C-4BB5-4802-95AB-36F8A6A5618E}
		{13C5A4ED-E3E3-46D4-941B-6553F21D9C05} = {C0074B6C-4BB5-4802-95AB-36F8A6A5618E}
		{422BE7B6-BEB4-4CF1-A1C6-BB749F32EFA3} = {C0074B6C-4BB5-4802-95AB-36F8A6A5618E}
		{3D135F88-2178-4B38-ACAE-F6282A6E0C55} = {6D382B0D-AB4F-4E12-839E-9225323E7F65}
		{9F119F86-E69A-439F-A9F2-D1F096AF122F} = {6D382B0D-AB4F-4E12-839E-9225323E7F65}
	EndGlobalSection
	GlobalSection(ProjectConfigurationPlatforms) = postSolution
		{415D30D8-2A7E-4D04-8899-63025840FBCB}.Debug|Any CPU.ActiveCfg = Debug|Any CPU
		{415D30D8-2A7E-4D04-8899-63025840FBCB}.Debug|Any CPU.Build.0 = Debug|Any CPU
		{415D30D8-2A7E-4D04-8899-63025840FBCB}.Release|Any CPU.ActiveCfg = Release|Any CPU
		{415D30D8-2A7E-4D04-8899-63025840FBCB}.Release|Any CPU.Build.0 = Release|Any CPU
		{4E89DD03-9C92-4DED-8AB7-4860EA91D6C5}.Debug|Any CPU.ActiveCfg = Debug|Any CPU
		{4E89DD03-9C92-4DED-8AB7-4860EA91D6C5}.Debug|Any CPU.Build.0 = Debug|Any CPU
		{4E89DD03-9C92-4DED-8AB7-4860EA91D6C5}.Release|Any CPU.ActiveCfg = Release|Any CPU
		{4E89DD03-9C92-4DED-8AB7-4860EA91D6C5}.Release|Any CPU.Build.0 = Release|Any CPU
		{13C5A4ED-E3E3-46D4-941B-6553F21D9C05}.Debug|Any CPU.ActiveCfg = Debug|Any CPU
		{13C5A4ED-E3E3-46D4-941B-6553F21D9C05}.Debug|Any CPU.Build.0 = Debug|Any CPU
		{13C5A4ED-E3E3-46D4-941B-6553F21D9C05}.Release|Any CPU.ActiveCfg = Release|Any CPU
		{13C5A4ED-E3E3-46D4-941B-6553F21D9C05}.Release|Any CPU.Build.0 = Release|Any CPU
		{422BE7B6-BEB4-4CF1-A1C6-BB749F32EFA3}.Debug|Any CPU.ActiveCfg = Debug|Any CPU
		{422BE7B6-BEB4-4CF1-A1C6-BB749F32EFA3}.Debug|Any CPU.Build.0 = Debug|Any CPU
		{422BE7B6-BEB4-4CF1-A1C6-BB749F32EFA3}.Release|Any CPU.ActiveCfg = Release|Any CPU
		{422BE7B6-BEB4-4CF1-A1C6-BB749F32EFA3}.Release|Any CPU.Build.0 = Release|Any CPU
		{3D135F88-2178-4B38-ACAE-F6282A6E0C55}.Debug|Any CPU.ActiveCfg = Debug|Any CPU
		{3D135F88-2178-4B38-ACAE-F6282A6E0C55}.Debug|Any CPU.Build.0 = Debug|Any CPU
		{3D135F88-2178-4B38-ACAE-F6282A6E0C55}.Release|Any CPU.ActiveCfg = Release|Any CPU
		{3D135F88-2178-4B38-ACAE-F6282A6E0C55}.Release|Any CPU.Build.0 = Release|Any CPU
		{9F119F86-E69A-439F-A9F2-D1F096AF122F}.Debug|Any CPU.ActiveCfg = Debug|Any CPU
		{9F119F86-E69A-439F-A9F2-D1F096AF122F}.Debug|Any CPU.Build.0 = Debug|Any CPU
		{9F119F86-E69A-439F-A9F2-D1F096AF122F}.Release|Any CPU.ActiveCfg = Release|Any CPU
		{9F119F86-E69A-439F-A9F2-D1F096AF122F}.Release|Any CPU.Build.0 = Release|Any CPU
	EndGlobalSection
EndGlobal
